// !$*UTF8*$!
{
	archiveVersion = 1;
	classes = {
	};
	objectVersion = 46;
	objects = {

/* Begin PBXBuildFile section */
		43EDED8F2140E57000FF0FC2 /* AppDelegate.swift in Sources */ = {isa = PBXBuildFile; fileRef = 43EDED8E2140E57000FF0FC2 /* AppDelegate.swift */; };
		43EDED912140E57000FF0FC2 /* Assets.xcassets in Resources */ = {isa = PBXBuildFile; fileRef = 43EDED902140E57000FF0FC2 /* Assets.xcassets */; };
		43EDED942140E57000FF0FC2 /* MainMenu.xib in Resources */ = {isa = PBXBuildFile; fileRef = 43EDED922140E57000FF0FC2 /* MainMenu.xib */; };
		43EDEDB6214321D700FF0FC2 /* sysmenuicon.png in Resources */ = {isa = PBXBuildFile; fileRef = 43EDEDB5214321D700FF0FC2 /* sysmenuicon.png */; };
		A80EB55E273EDDCD00F33407 /* holy-panda-large-down.wav in Resources */ = {isa = PBXBuildFile; fileRef = A80EB55A273EDDCD00F33407 /* holy-panda-large-down.wav */; };
		A80EB55F273EDDCD00F33407 /* holy-panda-large-up.wav in Resources */ = {isa = PBXBuildFile; fileRef = A80EB55B273EDDCD00F33407 /* holy-panda-large-up.wav */; };
		A80EB562273EDE4200F33407 /* holy-panda-normal-down.wav in Resources */ = {isa = PBXBuildFile; fileRef = A80EB560273EDE4200F33407 /* holy-panda-normal-down.wav */; };
		A80EB563273EDE4200F33407 /* holy-panda-normal-up.wav in Resources */ = {isa = PBXBuildFile; fileRef = A80EB561273EDE4200F33407 /* holy-panda-normal-up.wav */; };
/* End PBXBuildFile section */

/* Begin PBXFileReference section */
		43EDED8B2140E57000FF0FC2 /* MKS.app */ = {isa = PBXFileReference; explicitFileType = wrapper.application; includeInIndex = 0; path = MKS.app; sourceTree = BUILT_PRODUCTS_DIR; };
		43EDED8E2140E57000FF0FC2 /* AppDelegate.swift */ = {isa = PBXFileReference; lastKnownFileType = sourcecode.swift; path = AppDelegate.swift; sourceTree = "<group>"; };
		43EDED902140E57000FF0FC2 /* Assets.xcassets */ = {isa = PBXFileReference; lastKnownFileType = folder.assetcatalog; path = Assets.xcassets; sourceTree = "<group>"; };
		43EDED932140E57000FF0FC2 /* Base */ = {isa = PBXFileReference; lastKnownFileType = file.xib; name = Base; path = Base.lproj/MainMenu.xib; sourceTree = "<group>"; };
		43EDED952140E57000FF0FC2 /* Info.plist */ = {isa = PBXFileReference; lastKnownFileType = text.plist.xml; path = Info.plist; sourceTree = "<group>"; };
		43EDEDB5214321D700FF0FC2 /* sysmenuicon.png */ = {isa = PBXFileReference; lastKnownFileType = image.png; name = sysmenuicon.png; path = AppIcon.appiconset/sysmenuicon.png; sourceTree = "<group>"; };
		A80EB55A273EDDCD00F33407 /* holy-panda-large-down.wav */ = {isa = PBXFileReference; lastKnownFileType = audio.wav; path = "holy-panda-large-down.wav"; sourceTree = "<group>"; };
		A80EB55B273EDDCD00F33407 /* holy-panda-large-up.wav */ = {isa = PBXFileReference; lastKnownFileType = audio.wav; path = "holy-panda-large-up.wav"; sourceTree = "<group>"; };
		A80EB560273EDE4200F33407 /* holy-panda-normal-down.wav */ = {isa = PBXFileReference; lastKnownFileType = audio.wav; path = "holy-panda-normal-down.wav"; sourceTree = "<group>"; };
		A80EB561273EDE4200F33407 /* holy-panda-normal-up.wav */ = {isa = PBXFileReference; lastKnownFileType = audio.wav; path = "holy-panda-normal-up.wav"; sourceTree = "<group>"; };
/* End PBXFileReference section */

/* Begin PBXFrameworksBuildPhase section */
		43EDED882140E57000FF0FC2 /* Frameworks */ = {
			isa = PBXFrameworksBuildPhase;
			buildActionMask = 2147483647;
			files = (
			);
			runOnlyForDeploymentPostprocessing = 0;
		};
/* End PBXFrameworksBuildPhase section */

/* Begin PBXGroup section */
		43EDED822140E57000FF0FC2 = {
			isa = PBXGroup;
			children = (
				43EDED8D2140E57000FF0FC2 /* MKS */,
				43EDED8C2140E57000FF0FC2 /* Products */,
			);
			sourceTree = "<group>";
		};
		43EDED8C2140E57000FF0FC2 /* Products */ = {
			isa = PBXGroup;
			children = (
				43EDED8B2140E57000FF0FC2 /* MKS.app */,
			);
			name = Products;
			sourceTree = "<group>";
		};
		43EDED8D2140E57000FF0FC2 /* MKS */ = {
			isa = PBXGroup;
			children = (
				43EDEDAA214317EF00FF0FC2 /* Images */,
				A80EB557273EDDCD00F33407 /* Sounds */,
				43EDED8E2140E57000FF0FC2 /* AppDelegate.swift */,
				43EDED902140E57000FF0FC2 /* Assets.xcassets */,
				43EDED922140E57000FF0FC2 /* MainMenu.xib */,
				43EDED952140E57000FF0FC2 /* Info.plist */,
			);
			path = MKS;
			sourceTree = "<group>";
		};
		43EDEDAA214317EF00FF0FC2 /* Images */ = {
			isa = PBXGroup;
			children = (
				43EDEDB5214321D700FF0FC2 /* sysmenuicon.png */,
			);
			name = Images;
			sourceTree = "<group>";
		};
		A80EB557273EDDCD00F33407 /* Sounds */ = {
			isa = PBXGroup;
			children = (
				A80EB560273EDE4200F33407 /* holy-panda-normal-down.wav */,
				A80EB561273EDE4200F33407 /* holy-panda-normal-up.wav */,
				A80EB55A273EDDCD00F33407 /* holy-panda-large-down.wav */,
				A80EB55B273EDDCD00F33407 /* holy-panda-large-up.wav */,
			);
			path = Sounds;
			sourceTree = "<group>";
		};
/* End PBXGroup section */

/* Begin PBXNativeTarget section */
		43EDED8A2140E57000FF0FC2 /* MKS */ = {
			isa = PBXNativeTarget;
			buildConfigurationList = 43EDED982140E57000FF0FC2 /* Build configuration list for PBXNativeTarget "MKS" */;
			buildPhases = (
				43EDED872140E57000FF0FC2 /* Sources */,
				43EDED882140E57000FF0FC2 /* Frameworks */,
				43EDED892140E57000FF0FC2 /* Resources */,
			);
			buildRules = (
			);
			dependencies = (
			);
			name = MKS;
			productName = MechKey;
			productReference = 43EDED8B2140E57000FF0FC2 /* MKS.app */;
			productType = "com.apple.product-type.application";
		};
/* End PBXNativeTarget section */

/* Begin PBXProject section */
		43EDED832140E57000FF0FC2 /* Project object */ = {
			isa = PBXProject;
			attributes = {
				LastSwiftUpdateCheck = 0730;
				LastUpgradeCheck = 1310;
				ORGANIZATIONNAME = "Bogdan Ryabyshchuk";
				TargetAttributes = {
					43EDED8A2140E57000FF0FC2 = {
						CreatedOnToolsVersion = 7.3;
						LastSwiftMigration = 1100;
						ProvisioningStyle = Automatic;
					};
				};
			};
			buildConfigurationList = 43EDED862140E57000FF0FC2 /* Build configuration list for PBXProject "MKS" */;
			compatibilityVersion = "Xcode 3.2";
			developmentRegion = en;
			hasScannedForEncodings = 0;
			knownRegions = (
				en,
				Base,
			);
			mainGroup = 43EDED822140E57000FF0FC2;
			productRefGroup = 43EDED8C2140E57000FF0FC2 /* Products */;
			projectDirPath = "";
			projectRoot = "";
			targets = (
				43EDED8A2140E57000FF0FC2 /* MKS */,
			);
		};
/* End PBXProject section */

/* Begin PBXResourcesBuildPhase section */
		43EDED892140E57000FF0FC2 /* Resources */ = {
			isa = PBXResourcesBuildPhase;
			buildActionMask = 2147483647;
			files = (
				43EDEDB6214321D700FF0FC2 /* sysmenuicon.png in Resources */,
				A80EB55F273EDDCD00F33407 /* holy-panda-large-up.wav in Resources */,
				A80EB562273EDE4200F33407 /* holy-panda-normal-down.wav in Resources */,
				43EDED912140E57000FF0FC2 /* Assets.xcassets in Resources */,
				A80EB563273EDE4200F33407 /* holy-panda-normal-up.wav in Resources */,
				43EDED942140E57000FF0FC2 /* MainMenu.xib in Resources */,
				A80EB55E273EDDCD00F33407 /* holy-panda-large-down.wav in Resources */,
			);
			runOnlyForDeploymentPostprocessing = 0;
		};
/* End PBXResourcesBuildPhase section */

/* Begin PBXSourcesBuildPhase section */
		43EDED872140E57000FF0FC2 /* Sources */ = {
			isa = PBXSourcesBuildPhase;
			buildActionMask = 2147483647;
			files = (
				43EDED8F2140E57000FF0FC2 /* AppDelegate.swift in Sources */,
			);
			runOnlyForDeploymentPostprocessing = 0;
		};
/* End PBXSourcesBuildPhase section */

/* Begin PBXVariantGroup section */
		43EDED922140E57000FF0FC2 /* MainMenu.xib */ = {
			isa = PBXVariantGroup;
			children = (
				43EDED932140E57000FF0FC2 /* Base */,
			);
			name = MainMenu.xib;
			sourceTree = "<group>";
		};
/* End PBXVariantGroup section */

/* Begin XCBuildConfiguration section */
		43EDED962140E57000FF0FC2 /* Debug */ = {
			isa = XCBuildConfiguration;
			buildSettings = {
				ALWAYS_SEARCH_USER_PATHS = NO;
				CLANG_ANALYZER_LOCALIZABILITY_NONLOCALIZED = YES;
				CLANG_ANALYZER_NONNULL = YES;
				CLANG_CXX_LANGUAGE_STANDARD = "gnu++0x";
				CLANG_CXX_LIBRARY = "libc++";
				CLANG_ENABLE_MODULES = YES;
				CLANG_ENABLE_OBJC_ARC = YES;
				CLANG_WARN_BLOCK_CAPTURE_AUTORELEASING = YES;
				CLANG_WARN_BOOL_CONVERSION = YES;
				CLANG_WARN_COMMA = YES;
				CLANG_WARN_CONSTANT_CONVERSION = YES;
				CLANG_WARN_DEPRECATED_OBJC_IMPLEMENTATIONS = YES;
				CLANG_WARN_DIRECT_OBJC_ISA_USAGE = YES_ERROR;
				CLANG_WARN_EMPTY_BODY = YES;
				CLANG_WARN_ENUM_CONVERSION = YES;
				CLANG_WARN_INFINITE_RECURSION = YES;
				CLANG_WARN_INT_CONVERSION = YES;
				CLANG_WARN_NON_LITERAL_NULL_CONVERSION = YES;
				CLANG_WARN_OBJC_IMPLICIT_RETAIN_SELF = YES;
				CLANG_WARN_OBJC_LITERAL_CONVERSION = YES;
				CLANG_WARN_OBJC_ROOT_CLASS = YES_ERROR;
				CLANG_WARN_QUOTED_INCLUDE_IN_FRAMEWORK_HEADER = YES;
				CLANG_WARN_RANGE_LOOP_ANALYSIS = YES;
				CLANG_WARN_STRICT_PROTOTYPES = YES;
				CLANG_WARN_SUSPICIOUS_MOVE = YES;
				CLANG_WARN_UNREACHABLE_CODE = YES;
				CLANG_WARN__DUPLICATE_METHOD_MATCH = YES;
				CODE_SIGN_IDENTITY = "Apple Development";
				COPY_PHASE_STRIP = NO;
				DEBUG_INFORMATION_FORMAT = dwarf;
				ENABLE_STRICT_OBJC_MSGSEND = YES;
				ENABLE_TESTABILITY = YES;
				GCC_C_LANGUAGE_STANDARD = gnu99;
				GCC_DYNAMIC_NO_PIC = NO;
				GCC_NO_COMMON_BLOCKS = YES;
				GCC_OPTIMIZATION_LEVEL = 0;
				GCC_PREPROCESSOR_DEFINITIONS = (
					"DEBUG=1",
					"$(inherited)",
				);
				GCC_WARN_64_TO_32_BIT_CONVERSION = YES;
				GCC_WARN_ABOUT_RETURN_TYPE = YES_ERROR;
				GCC_WARN_UNDECLARED_SELECTOR = YES;
				GCC_WARN_UNINITIALIZED_AUTOS = YES_AGGRESSIVE;
				GCC_WARN_UNUSED_FUNCTION = YES;
				GCC_WARN_UNUSED_VARIABLE = YES;
				MACOSX_DEPLOYMENT_TARGET = 10.11;
				MTL_ENABLE_DEBUG_INFO = YES;
				ONLY_ACTIVE_ARCH = YES;
				SDKROOT = macosx;
				SWIFT_OPTIMIZATION_LEVEL = "-Onone";
				SWIFT_VERSION = 4.2;
			};
			name = Debug;
		};
		43EDED972140E57000FF0FC2 /* Release */ = {
			isa = XCBuildConfiguration;
			buildSettings = {
				ALWAYS_SEARCH_USER_PATHS = NO;
				CLANG_ANALYZER_LOCALIZABILITY_NONLOCALIZED = YES;
				CLANG_ANALYZER_NONNULL = YES;
				CLANG_CXX_LANGUAGE_STANDARD = "gnu++0x";
				CLANG_CXX_LIBRARY = "libc++";
				CLANG_ENABLE_MODULES = YES;
				CLANG_ENABLE_OBJC_ARC = YES;
				CLANG_WARN_BLOCK_CAPTURE_AUTORELEASING = YES;
				CLANG_WARN_BOOL_CONVERSION = YES;
				CLANG_WARN_COMMA = YES;
				CLANG_WARN_CONSTANT_CONVERSION = YES;
				CLANG_WARN_DEPRECATED_OBJC_IMPLEMENTATIONS = YES;
				CLANG_WARN_DIRECT_OBJC_ISA_USAGE = YES_ERROR;
				CLANG_WARN_EMPTY_BODY = YES;
				CLANG_WARN_ENUM_CONVERSION = YES;
				CLANG_WARN_INFINITE_RECURSION = YES;
				CLANG_WARN_INT_CONVERSION = YES;
				CLANG_WARN_NON_LITERAL_NULL_CONVERSION = YES;
				CLANG_WARN_OBJC_IMPLICIT_RETAIN_SELF = YES;
				CLANG_WARN_OBJC_LITERAL_CONVERSION = YES;
				CLANG_WARN_OBJC_ROOT_CLASS = YES_ERROR;
				CLANG_WARN_QUOTED_INCLUDE_IN_FRAMEWORK_HEADER = YES;
				CLANG_WARN_RANGE_LOOP_ANALYSIS = YES;
				CLANG_WARN_STRICT_PROTOTYPES = YES;
				CLANG_WARN_SUSPICIOUS_MOVE = YES;
				CLANG_WARN_UNREACHABLE_CODE = YES;
				CLANG_WARN__DUPLICATE_METHOD_MATCH = YES;
				CODE_SIGN_IDENTITY = "Apple Development";
				COPY_PHASE_STRIP = NO;
				DEBUG_INFORMATION_FORMAT = "dwarf-with-dsym";
				ENABLE_NS_ASSERTIONS = NO;
				ENABLE_STRICT_OBJC_MSGSEND = YES;
				GCC_C_LANGUAGE_STANDARD = gnu99;
				GCC_NO_COMMON_BLOCKS = YES;
				GCC_WARN_64_TO_32_BIT_CONVERSION = YES;
				GCC_WARN_ABOUT_RETURN_TYPE = YES_ERROR;
				GCC_WARN_UNDECLARED_SELECTOR = YES;
				GCC_WARN_UNINITIALIZED_AUTOS = YES_AGGRESSIVE;
				GCC_WARN_UNUSED_FUNCTION = YES;
				GCC_WARN_UNUSED_VARIABLE = YES;
				MACOSX_DEPLOYMENT_TARGET = 10.11;
				MTL_ENABLE_DEBUG_INFO = NO;
				SDKROOT = macosx;
				SWIFT_COMPILATION_MODE = wholemodule;
				SWIFT_VERSION = 4.2;
			};
			name = Release;
		};
		43EDED992140E57000FF0FC2 /* Debug */ = {
			isa = XCBuildConfiguration;
			buildSettings = {
				ASSETCATALOG_COMPILER_APPICON_NAME = AppIcon;
				CODE_SIGN_IDENTITY = "-";
				CODE_SIGN_STYLE = Automatic;
				COMBINE_HIDPI_IMAGES = YES;
				DEVELOPMENT_TEAM = "";
				ENABLE_HARDENED_RUNTIME = YES;
				INFOPLIST_FILE = "$(SRCROOT)/MKS/Info.plist";
				LD_RUNPATH_SEARCH_PATHS = "$(inherited) @executable_path/../Frameworks";
				MARKETING_VERSION = 1.7;
				PRODUCT_BUNDLE_IDENTIFIER = com.KaiAzim.MKS;
				PRODUCT_NAME = MKS;
				PROVISIONING_PROFILE_SPECIFIER = "";
				SWIFT_VERSION = 5.0;
			};
			name = Debug;
		};
		43EDED9A2140E57000FF0FC2 /* Release */ = {
			isa = XCBuildConfiguration;
			buildSettings = {
				ASSETCATALOG_COMPILER_APPICON_NAME = AppIcon;
				CODE_SIGN_IDENTITY = "-";
				CODE_SIGN_STYLE = Automatic;
				COMBINE_HIDPI_IMAGES = YES;
				DEVELOPMENT_TEAM = "";
				ENABLE_HARDENED_RUNTIME = YES;
				INFOPLIST_FILE = "$(SRCROOT)/MKS/Info.plist";
				LD_RUNPATH_SEARCH_PATHS = "$(inherited) @executable_path/../Frameworks";
				MARKETING_VERSION = 1.7;
				PRODUCT_BUNDLE_IDENTIFIER = com.KaiAzim.MKS;
				PRODUCT_NAME = MKS;
				PROVISIONING_PROFILE_SPECIFIER = "";
				SWIFT_VERSION = 5.0;
			};
			name = Release;
		};
/* End XCBuildConfiguration section */

/* Begin XCConfigurationList section */
		43EDED862140E57000FF0FC2 /* Build configuration list for PBXProject "MKS" */ = {
			isa = XCConfigurationList;
			buildConfigurations = (
				43EDED962140E57000FF0FC2 /* Debug */,
				43EDED972140E57000FF0FC2 /* Release */,
			);
			defaultConfigurationIsVisible = 0;
			defaultConfigurationName = Release;
		};
		43EDED982140E57000FF0FC2 /* Build configuration list for PBXNativeTarget "MKS" */ = {
			isa = XCConfigurationList;
			buildConfigurations = (
				43EDED992140E57000FF0FC2 /* Debug */,
				43EDED9A2140E57000FF0FC2 /* Release */,
			);
			defaultConfigurationIsVisible = 0;
			defaultConfigurationName = Release;
		};
/* End XCConfigurationList section */
	};
	rootObject = 43EDED832140E57000FF0FC2 /* Project object */;
}
